
Microsoft Visual Studio Solution File, Format Version 12.00
# Visual Studio Version 17
VisualStudioVersion = 17.14.37203.1 d17.14
MinimumVisualStudioVersion = 10.0.40219.1
Project("{FAE04EC0-301F-11D3-BF4B-00C04F79EFBC}") = "DWL_CRM", "DWL_CRM\DWL_CRM.csproj", "{3E11E3F0-ADC9-47A2-9DDB-7CF133632F9F}"
EndProject
Global
	GlobalSection(SolutionConfigurationPlatforms) = preSolution
		Debug|Any CPU = Debug|Any CPU
		Release|Any CPU = Release|Any CPU
	EndGlobalSection
	GlobalSection(ProjectConfigurationPlatforms) = postSolution
		{3E11E3F0-ADC9-47A2-9DDB-7CF133632F9F}.Debug|Any CPU.ActiveCfg = Debug|Any CPU
		{3E11E3F0-ADC9-47A2-9DDB-7CF133632F9F}.Debug|Any CPU.Build.0 = Debug|Any CPU
		{3E11E3F0-ADC9-47A2-9DDB-7CF133632F9F}.Release|Any CPU.ActiveCfg = Release|Any CPU
		{3E11E3F0-ADC9-47A2-9DDB-7CF133632F9F}.Release|Any CPU.Build.0 = Release|Any CPU
	EndGlobalSection
	GlobalSection(SolutionProperties) = preSolution
		HideSolutionNode = FALSE
	EndGlobalSection
	GlobalSection(ExtensibilityGlobals) = postSolution
		SolutionGuid = {B17CF65C-4225-475C-891D-432D18738180}
	EndGlobalSection
EndGlobal
